
Microsoft Visual Studio Solution File, Format Version 12.00
# Visual Studio Version 17
VisualStudioVersion = 17.13.35931.197
MinimumVisualStudioVersion = 10.0.40219.1
Project("{FAE04EC0-301F-11D3-BF4B-00C04F79EFBC}") = "QuickTechPOS", "QuickTechPOS\QuickTechPOS.csproj", "{F9C58AF9-351C-472B-A00E-B9302CBEC20F}"
EndProject
Global
	GlobalSection(SolutionConfigurationPlatforms) = preSolution
		Debug|Any CPU = Debug|Any CPU
		Release|Any CPU = Release|Any CPU
	EndGlobalSection
	GlobalSection(ProjectConfigurationPlatforms) = postSolution
		{F9C58AF9-351C-472B-A00E-B9302CBEC20F}.Debug|Any CPU.ActiveCfg = Debug|Any CPU
		{F9C58AF9-351C-472B-A00E-B9302CBEC20F}.Debug|Any CPU.Build.0 = Debug|Any CPU
		{F9C58AF9-351C-472B-A00E-B9302CBEC20F}.Release|Any CPU.ActiveCfg = Release|Any CPU
		{F9C58AF9-351C-472B-A00E-B9302CBEC20F}.Release|Any CPU.Build.0 = Release|Any CPU
	EndGlobalSection
	GlobalSection(SolutionProperties) = preSolution
		HideSolutionNode = FALSE
	EndGlobalSection
	GlobalSection(ExtensibilityGlobals) = postSolution
		SolutionGuid = {85D3A25C-DE35-4F85-9A76-66DD228CA943}
	EndGlobalSection
EndGlobal
